
Microsoft Visual Studio Solution File, Format Version 12.00
# Visual Studio Version 17
VisualStudioVersion = 17.0.32112.339
MinimumVisualStudioVersion = 10.0.40219.1
Project("{FAE04EC0-301F-11D3-BF4B-00C04F79EFBC}") = "CalculatorWebApp", "CalculatorWebApp\CalculatorWebApp.csproj", "{BD5EE4AF-A083-40DE-B91C-0DE84707A4BA}"
EndProject
Project("{FAE04EC0-301F-11D3-BF4B-00C04F79EFBC}") = "CalculatorWebAPI", "CalculatorWebAPI\CalculatorWebAPI.csproj", "{A260EABE-8BBC-4B85-9D0F-CFF91C818D51}"
EndProject
Global
	GlobalSection(SolutionConfigurationPlatforms) = preSolution
		Debug|Any CPU = Debug|Any CPU
		Release|Any CPU = Release|Any CPU
	EndGlobalSection
	GlobalSection(ProjectConfigurationPlatforms) = postSolution
		{BD5EE4AF-A083-40DE-B91C-0DE84707A4BA}.Debug|Any CPU.ActiveCfg = Debug|Any CPU
		{BD5EE4AF-A083-40DE-B91C-0DE84707A4BA}.Debug|Any CPU.Build.0 = Debug|Any CPU
		{BD5EE4AF-A083-40DE-B91C-0DE84707A4BA}.Release|Any CPU.ActiveCfg = Release|Any CPU
		{BD5EE4AF-A083-40DE-B91C-0DE84707A4BA}.Release|Any CPU.Build.0 = Release|Any CPU
		{A260EABE-8BBC-4B85-9D0F-CFF91C818D51}.Debug|Any CPU.ActiveCfg = Debug|Any CPU
		{A260EABE-8BBC-4B85-9D0F-CFF91C818D51}.Debug|Any CPU.Build.0 = Debug|Any CPU
		{A260EABE-8BBC-4B85-9D0F-CFF91C818D51}.Release|Any CPU.ActiveCfg = Release|Any CPU
		{A260EABE-8BBC-4B85-9D0F-CFF91C818D51}.Release|Any CPU.Build.0 = Release|Any CPU
	EndGlobalSection
	GlobalSection(SolutionProperties) = preSolution
		HideSolutionNode = FALSE
	EndGlobalSection
	GlobalSection(ExtensibilityGlobals) = postSolution
		SolutionGuid = {42CC20BC-0CB4-4E88-977C-6803953DB502}
	EndGlobalSection
EndGlobal
